// !$*UTF8*$!
{
	archiveVersion = 1;
	classes = {
	};
	objectVersion = 50;
	objects = {

/* Begin PBXBuildFile section */
		0C19FF3921C9C99500BB6BD7 /* AppDelegate.swift in Sources */ = {isa = PBXBuildFile; fileRef = 0C19FF3821C9C99500BB6BD7 /* AppDelegate.swift */; };
		0C19FF3B21C9C99500BB6BD7 /* ViewController.swift in Sources */ = {isa = PBXBuildFile; fileRef = 0C19FF3A21C9C99500BB6BD7 /* ViewController.swift */; };
		0C19FF3E21C9C99500BB6BD7 /* Main.storyboard in Resources */ = {isa = PBXBuildFile; fileRef = 0C19FF3C21C9C99500BB6BD7 /* Main.storyboard */; };
		0C19FF4021C9C99600BB6BD7 /* Assets.xcassets in Resources */ = {isa = PBXBuildFile; fileRef = 0C19FF3F21C9C99600BB6BD7 /* Assets.xcassets */; };
		0C19FF4321C9C99600BB6BD7 /* LaunchScreen.storyboard in Resources */ = {isa = PBXBuildFile; fileRef = 0C19FF4121C9C99600BB6BD7 /* LaunchScreen.storyboard */; };
		0C19FF5021C9CC1A00BB6BD7 /* HoUIStoryboardExtensions.swift in Sources */ = {isa = PBXBuildFile; fileRef = 0C19FF4F21C9CC1A00BB6BD7 /* HoUIStoryboardExtensions.swift */; };
		0C19FF5221C9D83800BB6BD7 /* NibView.xib in Resources */ = {isa = PBXBuildFile; fileRef = 0C19FF5121C9D83700BB6BD7 /* NibView.xib */; };
		0C19FF5621C9D8A100BB6BD7 /* NibView.swift in Sources */ = {isa = PBXBuildFile; fileRef = 0C19FF5521C9D8A100BB6BD7 /* NibView.swift */; };
		0C19FF5821C9DAAD00BB6BD7 /* HoUIColorExtensions.swift in Sources */ = {isa = PBXBuildFile; fileRef = 0C19FF5721C9DAAD00BB6BD7 /* HoUIColorExtensions.swift */; };
		0C19FF5A21C9E00700BB6BD7 /* HoUILabelExtensions.swift in Sources */ = {isa = PBXBuildFile; fileRef = 0C19FF5921C9E00700BB6BD7 /* HoUILabelExtensions.swift */; };
		0C19FF5C21C9E40300BB6BD7 /* HoUIButtonExtensions.swift in Sources */ = {isa = PBXBuildFile; fileRef = 0C19FF5B21C9E40300BB6BD7 /* HoUIButtonExtensions.swift */; };
		0C19FF5E21C9E6BC00BB6BD7 /* HoCGRectExtensions.swift in Sources */ = {isa = PBXBuildFile; fileRef = 0C19FF5D21C9E6BC00BB6BD7 /* HoCGRectExtensions.swift */; };
		0C19FF6021C9E94C00BB6BD7 /* HoLimitLengthTextField.swift in Sources */ = {isa = PBXBuildFile; fileRef = 0C19FF5F21C9E94C00BB6BD7 /* HoLimitLengthTextField.swift */; };
		0C19FF6521CA100C00BB6BD7 /* HoSplitViewController.swift in Sources */ = {isa = PBXBuildFile; fileRef = 0C19FF6421CA100C00BB6BD7 /* HoSplitViewController.swift */; };
		0C19FF6721CA1DF700BB6BD7 /* HoMasterViewController.swift in Sources */ = {isa = PBXBuildFile; fileRef = 0C19FF6621CA1DF700BB6BD7 /* HoMasterViewController.swift */; };
		0C19FF6921CA1E0400BB6BD7 /* HoLeftViewController.swift in Sources */ = {isa = PBXBuildFile; fileRef = 0C19FF6821CA1E0400BB6BD7 /* HoLeftViewController.swift */; };
		0C19FF6F21CA2F5500BB6BD7 /* hoRight.png in Resources */ = {isa = PBXBuildFile; fileRef = 0C19FF6B21CA2F5400BB6BD7 /* hoRight.png */; };
		0C19FF7021CA2F5500BB6BD7 /* hoMaster.png in Resources */ = {isa = PBXBuildFile; fileRef = 0C19FF6C21CA2F5400BB6BD7 /* hoMaster.png */; };
		0C19FF7121CA2F5500BB6BD7 /* hoLeft.png in Resources */ = {isa = PBXBuildFile; fileRef = 0C19FF6D21CA2F5500BB6BD7 /* hoLeft.png */; };
		0C19FF7221CA2F5500BB6BD7 /* hosplit.gif in Resources */ = {isa = PBXBuildFile; fileRef = 0C19FF6E21CA2F5500BB6BD7 /* hosplit.gif */; };
		0C19FF7421CA455000BB6BD7 /* HoNotificationCenter.swift in Sources */ = {isa = PBXBuildFile; fileRef = 0C19FF7321CA455000BB6BD7 /* HoNotificationCenter.swift */; };
		0C19FFBD21D0AA1D00BB6BD7 /* HoRouter.swift in Sources */ = {isa = PBXBuildFile; fileRef = 0C19FFBC21D0AA1D00BB6BD7 /* HoRouter.swift */; };
		0C19FFC121D0BBC600BB6BD7 /* HoUIViewExtensions.swift in Sources */ = {isa = PBXBuildFile; fileRef = 0C19FFC021D0BBC600BB6BD7 /* HoUIViewExtensions.swift */; };
		0C19FFC321D0BDAD00BB6BD7 /* HoTableViewCell.swift in Sources */ = {isa = PBXBuildFile; fileRef = 0C19FFC221D0BDAD00BB6BD7 /* HoTableViewCell.swift */; };
		0C19FFC521D0C03D00BB6BD7 /* NumberMorphViewController.swift in Sources */ = {isa = PBXBuildFile; fileRef = 0C19FFC421D0C03D00BB6BD7 /* NumberMorphViewController.swift */; };
		0C19FFC721D0C0E300BB6BD7 /* NumberMorphView.framework in Frameworks */ = {isa = PBXBuildFile; fileRef = 0C19FFC621D0C0E300BB6BD7 /* NumberMorphView.framework */; };
		0C19FFCB21D0C96E00BB6BD7 /* StarWars.framework in Frameworks */ = {isa = PBXBuildFile; fileRef = 0C19FFCA21D0C96E00BB6BD7 /* StarWars.framework */; };
		0C19FFCD21D0CC4600BB6BD7 /* StarWarsViewController.swift in Sources */ = {isa = PBXBuildFile; fileRef = 0C19FFCC21D0CC4600BB6BD7 /* StarWarsViewController.swift */; };
		0C19FFCF21D0CEE900BB6BD7 /* MacawViewController.swift in Sources */ = {isa = PBXBuildFile; fileRef = 0C19FFCE21D0CEE900BB6BD7 /* MacawViewController.swift */; };
		0C19FFD121D0CFB800BB6BD7 /* Macaw.framework in Frameworks */ = {isa = PBXBuildFile; fileRef = 0C19FFD021D0CFB800BB6BD7 /* Macaw.framework */; };
		0C19FFD321D0CFB800BB6BD7 /* SWXMLHash.framework in Frameworks */ = {isa = PBXBuildFile; fileRef = 0C19FFD221D0CFB800BB6BD7 /* SWXMLHash.framework */; };
		0C19FFD521D0D09500BB6BD7 /* MView.swift in Sources */ = {isa = PBXBuildFile; fileRef = 0C19FFD421D0D09500BB6BD7 /* MView.swift */; };
		0C19FFD721D1B2E200BB6BD7 /* EasyAnimation.framework in Frameworks */ = {isa = PBXBuildFile; fileRef = 0C19FFD621D1B2E200BB6BD7 /* EasyAnimation.framework */; };
		0C19FFD921D1B30200BB6BD7 /* EasyAnimationViewController.swift in Sources */ = {isa = PBXBuildFile; fileRef = 0C19FFD821D1B30200BB6BD7 /* EasyAnimationViewController.swift */; };
		0C19FFDB21D1C67600BB6BD7 /* ViewAnimator.framework in Frameworks */ = {isa = PBXBuildFile; fileRef = 0C19FFDA21D1C67600BB6BD7 /* ViewAnimator.framework */; };
		0C19FFDD21D1C69700BB6BD7 /* ViewAnimatorTableViewController.swift in Sources */ = {isa = PBXBuildFile; fileRef = 0C19FFDC21D1C69700BB6BD7 /* ViewAnimatorTableViewController.swift */; };
		0C19FFE121D1CEF200BB6BD7 /* IBAnimatable.framework in Frameworks */ = {isa = PBXBuildFile; fileRef = 0C19FFE021D1CEF200BB6BD7 /* IBAnimatable.framework */; };
		0C19FFE321D1CFC300BB6BD7 /* IBAnimatableViewController.swift in Sources */ = {isa = PBXBuildFile; fileRef = 0C19FFE221D1CFC300BB6BD7 /* IBAnimatableViewController.swift */; };
		0C19FFE521D1DBCD00BB6BD7 /* expanding_collection.framework in Frameworks */ = {isa = PBXBuildFile; fileRef = 0C19FFE421D1DBCD00BB6BD7 /* expanding_collection.framework */; };
		0C19FFE721D1DBE400BB6BD7 /* Expanding-collectionViewController.swift in Sources */ = {isa = PBXBuildFile; fileRef = 0C19FFE621D1DBE300BB6BD7 /* Expanding-collectionViewController.swift */; };
		0C19FFEB21D21A4900BB6BD7 /* Music.swift in Sources */ = {isa = PBXBuildFile; fileRef = 0C19FFEA21D21A4900BB6BD7 /* Music.swift */; };
		0C19FFED21D21ACE00BB6BD7 /* MusicListViewModel.swift in Sources */ = {isa = PBXBuildFile; fileRef = 0C19FFEC21D21ACE00BB6BD7 /* MusicListViewModel.swift */; };
		0C19FFEF21D21B2400BB6BD7 /* RxAtomic.framework in Frameworks */ = {isa = PBXBuildFile; fileRef = 0C19FFEE21D21B2400BB6BD7 /* RxAtomic.framework */; };
		0C19FFF121D21B2400BB6BD7 /* RxCocoa.framework in Frameworks */ = {isa = PBXBuildFile; fileRef = 0C19FFF021D21B2400BB6BD7 /* RxCocoa.framework */; };
		0C19FFF321D21B2400BB6BD7 /* RxSwift.framework in Frameworks */ = {isa = PBXBuildFile; fileRef = 0C19FFF221D21B2400BB6BD7 /* RxSwift.framework */; };
		0C19FFF521D21B8A00BB6BD7 /* MusicViewController.swift in Sources */ = {isa = PBXBuildFile; fileRef = 0C19FFF421D21B8A00BB6BD7 /* MusicViewController.swift */; };
		0C19FFF721D372AF00BB6BD7 /* Differentiator.framework in Frameworks */ = {isa = PBXBuildFile; fileRef = 0C19FFF621D372AF00BB6BD7 /* Differentiator.framework */; };
		0C19FFF921D372AF00BB6BD7 /* RxDataSources.framework in Frameworks */ = {isa = PBXBuildFile; fileRef = 0C19FFF821D372AF00BB6BD7 /* RxDataSources.framework */; };
		0C2B66B92272D5C3006FDF11 /* HoDeviceModel.swift in Sources */ = {isa = PBXBuildFile; fileRef = 0C2B66B72272D5C2006FDF11 /* HoDeviceModel.swift */; };
		0C2B66BA2272D5C3006FDF11 /* HoValidate.swift in Sources */ = {isa = PBXBuildFile; fileRef = 0C2B66B82272D5C3006FDF11 /* HoValidate.swift */; };
		0C84B0DA226709F700200A1A /* HoHtmlHelper.swift in Sources */ = {isa = PBXBuildFile; fileRef = 0C84B0D9226709F700200A1A /* HoHtmlHelper.swift */; };
		0C84B0DC22670CD700200A1A /* HoWebTableViewController.swift in Sources */ = {isa = PBXBuildFile; fileRef = 0C84B0DB22670CD700200A1A /* HoWebTableViewController.swift */; };
		0C84B0DE22670FFB00200A1A /* WebTableViewController.swift in Sources */ = {isa = PBXBuildFile; fileRef = 0C84B0DD22670FFB00200A1A /* WebTableViewController.swift */; };
		0CC5C8C72268269B00B5FC5B /* HoBaiduIdentificationFlower.m in Sources */ = {isa = PBXBuildFile; fileRef = 0CC5C8C62268269B00B5FC5B /* HoBaiduIdentificationFlower.m */; };
		0CC5C8CA22684D8D00B5FC5B /* HoAliFlowerHelper.m in Sources */ = {isa = PBXBuildFile; fileRef = 0CC5C8C922684D8D00B5FC5B /* HoAliFlowerHelper.m */; };
		0CC5C8CC22684F7500B5FC5B /* HoFlowerHelper.swift in Sources */ = {isa = PBXBuildFile; fileRef = 0CC5C8CB22684F7500B5FC5B /* HoFlowerHelper.swift */; };
		C6E8EBDF237255730049A18D /* HoScrollWebViewController.swift in Sources */ = {isa = PBXBuildFile; fileRef = C6E8EBDE237255720049A18D /* HoScrollWebViewController.swift */; };
		C6E8EBE1237255DA0049A18D /* TopWebViewController.swift in Sources */ = {isa = PBXBuildFile; fileRef = C6E8EBE0237255DA0049A18D /* TopWebViewController.swift */; };
		D478161065301C6AD71ECC40 /* Pods_swift_tools.framework in Frameworks */ = {isa = PBXBuildFile; fileRef = F27BFB4A9D590FAAB234BEFC /* Pods_swift_tools.framework */; };
/* End PBXBuildFile section */

/* Begin PBXFileReference section */
		0C19FF3521C9C99500BB6BD7 /* swift-tools.app */ = {isa = PBXFileReference; explicitFileType = wrapper.application; includeInIndex = 0; path = "swift-tools.app"; sourceTree = BUILT_PRODUCTS_DIR; };
		0C19FF3821C9C99500BB6BD7 /* AppDelegate.swift */ = {isa = PBXFileReference; lastKnownFileType = sourcecode.swift; path = AppDelegate.swift; sourceTree = "<group>"; };
		0C19FF3A21C9C99500BB6BD7 /* ViewController.swift */ = {isa = PBXFileReference; lastKnownFileType = sourcecode.swift; path = ViewController.swift; sourceTree = "<group>"; };
		0C19FF3D21C9C99500BB6BD7 /* Base */ = {isa = PBXFileReference; lastKnownFileType = file.storyboard; name = Base; path = Base.lproj/Main.storyboard; sourceTree = "<group>"; };
		0C19FF3F21C9C99600BB6BD7 /* Assets.xcassets */ = {isa = PBXFileReference; lastKnownFileType = folder.assetcatalog; path = Assets.xcassets; sourceTree = "<group>"; };
		0C19FF4221C9C99600BB6BD7 /* Base */ = {isa = PBXFileReference; lastKnownFileType = file.storyboard; name = Base; path = Base.lproj/LaunchScreen.storyboard; sourceTree = "<group>"; };
		0C19FF4421C9C99600BB6BD7 /* SwiftToolsInfo.plist */ = {isa = PBXFileReference; lastKnownFileType = text.plist.xml; path = SwiftToolsInfo.plist; sourceTree = "<group>"; };
		0C19FF4F21C9CC1A00BB6BD7 /* HoUIStoryboardExtensions.swift */ = {isa = PBXFileReference; lastKnownFileType = sourcecode.swift; path = HoUIStoryboardExtensions.swift; sourceTree = "<group>"; };
		0C19FF5121C9D83700BB6BD7 /* NibView.xib */ = {isa = PBXFileReference; lastKnownFileType = file.xib; path = NibView.xib; sourceTree = "<group>"; };
		0C19FF5521C9D8A100BB6BD7 /* NibView.swift */ = {isa = PBXFileReference; lastKnownFileType = sourcecode.swift; path = NibView.swift; sourceTree = "<group>"; };
		0C19FF5721C9DAAD00BB6BD7 /* HoUIColorExtensions.swift */ = {isa = PBXFileReference; lastKnownFileType = sourcecode.swift; path = HoUIColorExtensions.swift; sourceTree = "<group>"; };
		0C19FF5921C9E00700BB6BD7 /* HoUILabelExtensions.swift */ = {isa = PBXFileReference; lastKnownFileType = sourcecode.swift; path = HoUILabelExtensions.swift; sourceTree = "<group>"; };
		0C19FF5B21C9E40300BB6BD7 /* HoUIButtonExtensions.swift */ = {isa = PBXFileReference; lastKnownFileType = sourcecode.swift; path = HoUIButtonExtensions.swift; sourceTree = "<group>"; };
		0C19FF5D21C9E6BC00BB6BD7 /* HoCGRectExtensions.swift */ = {isa = PBXFileReference; lastKnownFileType = sourcecode.swift; path = HoCGRectExtensions.swift; sourceTree = "<group>"; };
		0C19FF5F21C9E94C00BB6BD7 /* HoLimitLengthTextField.swift */ = {isa = PBXFileReference; lastKnownFileType = sourcecode.swift; path = HoLimitLengthTextField.swift; sourceTree = "<group>"; };
		0C19FF6421CA100C00BB6BD7 /* HoSplitViewController.swift */ = {isa = PBXFileReference; lastKnownFileType = sourcecode.swift; path = HoSplitViewController.swift; sourceTree = "<group>"; };
		0C19FF6621CA1DF700BB6BD7 /* HoMasterViewController.swift */ = {isa = PBXFileReference; lastKnownFileType = sourcecode.swift; path = HoMasterViewController.swift; sourceTree = "<group>"; };
		0C19FF6821CA1E0400BB6BD7 /* HoLeftViewController.swift */ = {isa = PBXFileReference; lastKnownFileType = sourcecode.swift; path = HoLeftViewController.swift; sourceTree = "<group>"; };
		0C19FF6B21CA2F5400BB6BD7 /* hoRight.png */ = {isa = PBXFileReference; lastKnownFileType = image.png; path = hoRight.png; sourceTree = "<group>"; };
		0C19FF6C21CA2F5400BB6BD7 /* hoMaster.png */ = {isa = PBXFileReference; lastKnownFileType = image.png; path = hoMaster.png; sourceTree = "<group>"; };
		0C19FF6D21CA2F5500BB6BD7 /* hoLeft.png */ = {isa = PBXFileReference; lastKnownFileType = image.png; path = hoLeft.png; sourceTree = "<group>"; };
		0C19FF6E21CA2F5500BB6BD7 /* hosplit.gif */ = {isa = PBXFileReference; lastKnownFileType = image.gif; path = hosplit.gif; sourceTree = "<group>"; };
		0C19FF7321CA455000BB6BD7 /* HoNotificationCenter.swift */ = {isa = PBXFileReference; lastKnownFileType = sourcecode.swift; path = HoNotificationCenter.swift; sourceTree = "<group>"; };
		0C19FFBC21D0AA1D00BB6BD7 /* HoRouter.swift */ = {isa = PBXFileReference; fileEncoding = 4; lastKnownFileType = sourcecode.swift; path = HoRouter.swift; sourceTree = "<group>"; };
		0C19FFC021D0BBC600BB6BD7 /* HoUIViewExtensions.swift */ = {isa = PBXFileReference; lastKnownFileType = sourcecode.swift; path = HoUIViewExtensions.swift; sourceTree = "<group>"; };
		0C19FFC221D0BDAD00BB6BD7 /* HoTableViewCell.swift */ = {isa = PBXFileReference; lastKnownFileType = sourcecode.swift; path = HoTableViewCell.swift; sourceTree = "<group>"; };
		0C19FFC421D0C03D00BB6BD7 /* NumberMorphViewController.swift */ = {isa = PBXFileReference; lastKnownFileType = sourcecode.swift; path = NumberMorphViewController.swift; sourceTree = "<group>"; };
		0C19FFC621D0C0E300BB6BD7 /* NumberMorphView.framework */ = {isa = PBXFileReference; explicitFileType = wrapper.framework; path = NumberMorphView.framework; sourceTree = BUILT_PRODUCTS_DIR; };
		0C19FFCA21D0C96E00BB6BD7 /* StarWars.framework */ = {isa = PBXFileReference; explicitFileType = wrapper.framework; path = StarWars.framework; sourceTree = BUILT_PRODUCTS_DIR; };
		0C19FFCC21D0CC4600BB6BD7 /* StarWarsViewController.swift */ = {isa = PBXFileReference; lastKnownFileType = sourcecode.swift; path = StarWarsViewController.swift; sourceTree = "<group>"; };
		0C19FFCE21D0CEE900BB6BD7 /* MacawViewController.swift */ = {isa = PBXFileReference; lastKnownFileType = sourcecode.swift; path = MacawViewController.swift; sourceTree = "<group>"; };
		0C19FFD021D0CFB800BB6BD7 /* Macaw.framework */ = {isa = PBXFileReference; explicitFileType = wrapper.framework; path = Macaw.framework; sourceTree = BUILT_PRODUCTS_DIR; };
		0C19FFD221D0CFB800BB6BD7 /* SWXMLHash.framework */ = {isa = PBXFileReference; explicitFileType = wrapper.framework; path = SWXMLHash.framework; sourceTree = BUILT_PRODUCTS_DIR; };
		0C19FFD421D0D09500BB6BD7 /* MView.swift */ = {isa = PBXFileReference; lastKnownFileType = sourcecode.swift; path = MView.swift; sourceTree = "<group>"; };
		0C19FFD621D1B2E200BB6BD7 /* EasyAnimation.framework */ = {isa = PBXFileReference; explicitFileType = wrapper.framework; path = EasyAnimation.framework; sourceTree = BUILT_PRODUCTS_DIR; };
		0C19FFD821D1B30200BB6BD7 /* EasyAnimationViewController.swift */ = {isa = PBXFileReference; lastKnownFileType = sourcecode.swift; path = EasyAnimationViewController.swift; sourceTree = "<group>"; };
		0C19FFDA21D1C67600BB6BD7 /* ViewAnimator.framework */ = {isa = PBXFileReference; explicitFileType = wrapper.framework; path = ViewAnimator.framework; sourceTree = BUILT_PRODUCTS_DIR; };
		0C19FFDC21D1C69700BB6BD7 /* ViewAnimatorTableViewController.swift */ = {isa = PBXFileReference; lastKnownFileType = sourcecode.swift; path = ViewAnimatorTableViewController.swift; sourceTree = "<group>"; };
		0C19FFE021D1CEF200BB6BD7 /* IBAnimatable.framework */ = {isa = PBXFileReference; explicitFileType = wrapper.framework; path = IBAnimatable.framework; sourceTree = BUILT_PRODUCTS_DIR; };
		0C19FFE221D1CFC300BB6BD7 /* IBAnimatableViewController.swift */ = {isa = PBXFileReference; lastKnownFileType = sourcecode.swift; path = IBAnimatableViewController.swift; sourceTree = "<group>"; };
		0C19FFE421D1DBCD00BB6BD7 /* expanding_collection.framework */ = {isa = PBXFileReference; explicitFileType = wrapper.framework; path = expanding_collection.framework; sourceTree = BUILT_PRODUCTS_DIR; };
		0C19FFE621D1DBE300BB6BD7 /* Expanding-collectionViewController.swift */ = {isa = PBXFileReference; lastKnownFileType = sourcecode.swift; path = "Expanding-collectionViewController.swift"; sourceTree = "<group>"; };
		0C19FFEA21D21A4900BB6BD7 /* Music.swift */ = {isa = PBXFileReference; lastKnownFileType = sourcecode.swift; path = Music.swift; sourceTree = "<group>"; };
		0C19FFEC21D21ACE00BB6BD7 /* MusicListViewModel.swift */ = {isa = PBXFileReference; lastKnownFileType = sourcecode.swift; path = MusicListViewModel.swift; sourceTree = "<group>"; };
		0C19FFEE21D21B2400BB6BD7 /* RxAtomic.framework */ = {isa = PBXFileReference; explicitFileType = wrapper.framework; path = RxAtomic.framework; sourceTree = BUILT_PRODUCTS_DIR; };
		0C19FFF021D21B2400BB6BD7 /* RxCocoa.framework */ = {isa = PBXFileReference; explicitFileType = wrapper.framework; path = RxCocoa.framework; sourceTree = BUILT_PRODUCTS_DIR; };
		0C19FFF221D21B2400BB6BD7 /* RxSwift.framework */ = {isa = PBXFileReference; explicitFileType = wrapper.framework; path = RxSwift.framework; sourceTree = BUILT_PRODUCTS_DIR; };
		0C19FFF421D21B8A00BB6BD7 /* MusicViewController.swift */ = {isa = PBXFileReference; lastKnownFileType = sourcecode.swift; path = MusicViewController.swift; sourceTree = "<group>"; };
		0C19FFF621D372AF00BB6BD7 /* Differentiator.framework */ = {isa = PBXFileReference; explicitFileType = wrapper.framework; path = Differentiator.framework; sourceTree = BUILT_PRODUCTS_DIR; };
		0C19FFF821D372AF00BB6BD7 /* RxDataSources.framework */ = {isa = PBXFileReference; explicitFileType = wrapper.framework; path = RxDataSources.framework; sourceTree = BUILT_PRODUCTS_DIR; };
		0C2B66B72272D5C2006FDF11 /* HoDeviceModel.swift */ = {isa = PBXFileReference; fileEncoding = 4; lastKnownFileType = sourcecode.swift; path = HoDeviceModel.swift; sourceTree = "<group>"; };
		0C2B66B82272D5C3006FDF11 /* HoValidate.swift */ = {isa = PBXFileReference; fileEncoding = 4; lastKnownFileType = sourcecode.swift; path = HoValidate.swift; sourceTree = "<group>"; };
		0C84B0D9226709F700200A1A /* HoHtmlHelper.swift */ = {isa = PBXFileReference; lastKnownFileType = sourcecode.swift; path = HoHtmlHelper.swift; sourceTree = "<group>"; };
		0C84B0DB22670CD700200A1A /* HoWebTableViewController.swift */ = {isa = PBXFileReference; lastKnownFileType = sourcecode.swift; path = HoWebTableViewController.swift; sourceTree = "<group>"; };
		0C84B0DD22670FFB00200A1A /* WebTableViewController.swift */ = {isa = PBXFileReference; lastKnownFileType = sourcecode.swift; path = WebTableViewController.swift; sourceTree = "<group>"; };
		0CC5C8C42268269B00B5FC5B /* swift-tools-Bridging-Header.h */ = {isa = PBXFileReference; lastKnownFileType = sourcecode.c.h; path = "swift-tools-Bridging-Header.h"; sourceTree = "<group>"; };
		0CC5C8C52268269B00B5FC5B /* HoBaiduIdentificationFlower.h */ = {isa = PBXFileReference; lastKnownFileType = sourcecode.c.h; path = HoBaiduIdentificationFlower.h; sourceTree = "<group>"; };
		0CC5C8C62268269B00B5FC5B /* HoBaiduIdentificationFlower.m */ = {isa = PBXFileReference; lastKnownFileType = sourcecode.c.objc; path = HoBaiduIdentificationFlower.m; sourceTree = "<group>"; };
		0CC5C8C822684D8D00B5FC5B /* HoAliFlowerHelper.h */ = {isa = PBXFileReference; lastKnownFileType = sourcecode.c.h; path = HoAliFlowerHelper.h; sourceTree = "<group>"; };
		0CC5C8C922684D8D00B5FC5B /* HoAliFlowerHelper.m */ = {isa = PBXFileReference; lastKnownFileType = sourcecode.c.objc; path = HoAliFlowerHelper.m; sourceTree = "<group>"; };
		0CC5C8CB22684F7500B5FC5B /* HoFlowerHelper.swift */ = {isa = PBXFileReference; lastKnownFileType = sourcecode.swift; path = HoFlowerHelper.swift; sourceTree = "<group>"; };
		132543C435001F81A5B135E6 /* Pods-swift-tools.debug.xcconfig */ = {isa = PBXFileReference; includeInIndex = 1; lastKnownFileType = text.xcconfig; name = "Pods-swift-tools.debug.xcconfig"; path = "Target Support Files/Pods-swift-tools/Pods-swift-tools.debug.xcconfig"; sourceTree = "<group>"; };
		6D36DC25C5062731E566AF7F /* Pods-swift-tools.release.xcconfig */ = {isa = PBXFileReference; includeInIndex = 1; lastKnownFileType = text.xcconfig; name = "Pods-swift-tools.release.xcconfig"; path = "Target Support Files/Pods-swift-tools/Pods-swift-tools.release.xcconfig"; sourceTree = "<group>"; };
		C6E8EBDE237255720049A18D /* HoScrollWebViewController.swift */ = {isa = PBXFileReference; fileEncoding = 4; lastKnownFileType = sourcecode.swift; path = HoScrollWebViewController.swift; sourceTree = "<group>"; };
		C6E8EBE0237255DA0049A18D /* TopWebViewController.swift */ = {isa = PBXFileReference; lastKnownFileType = sourcecode.swift; path = TopWebViewController.swift; sourceTree = "<group>"; };
		F27BFB4A9D590FAAB234BEFC /* Pods_swift_tools.framework */ = {isa = PBXFileReference; explicitFileType = wrapper.framework; includeInIndex = 0; path = Pods_swift_tools.framework; sourceTree = BUILT_PRODUCTS_DIR; };
/* End PBXFileReference section */

/* Begin PBXFrameworksBuildPhase section */
		0C19FF3221C9C99500BB6BD7 /* Frameworks */ = {
			isa = PBXFrameworksBuildPhase;
			buildActionMask = 2147483647;
			files = (
				0C19FFF721D372AF00BB6BD7 /* Differentiator.framework in Frameworks */,
				0C19FFF921D372AF00BB6BD7 /* RxDataSources.framework in Frameworks */,
				0C19FFEF21D21B2400BB6BD7 /* RxAtomic.framework in Frameworks */,
				0C19FFF121D21B2400BB6BD7 /* RxCocoa.framework in Frameworks */,
				0C19FFF321D21B2400BB6BD7 /* RxSwift.framework in Frameworks */,
				0C19FFE521D1DBCD00BB6BD7 /* expanding_collection.framework in Frameworks */,
				0C19FFE121D1CEF200BB6BD7 /* IBAnimatable.framework in Frameworks */,
				0C19FFDB21D1C67600BB6BD7 /* ViewAnimator.framework in Frameworks */,
				0C19FFD721D1B2E200BB6BD7 /* EasyAnimation.framework in Frameworks */,
				0C19FFD121D0CFB800BB6BD7 /* Macaw.framework in Frameworks */,
				0C19FFD321D0CFB800BB6BD7 /* SWXMLHash.framework in Frameworks */,
				0C19FFCB21D0C96E00BB6BD7 /* StarWars.framework in Frameworks */,
				0C19FFC721D0C0E300BB6BD7 /* NumberMorphView.framework in Frameworks */,
				D478161065301C6AD71ECC40 /* Pods_swift_tools.framework in Frameworks */,
			);
			runOnlyForDeploymentPostprocessing = 0;
		};
/* End PBXFrameworksBuildPhase section */

/* Begin PBXGroup section */
		0C19FF2C21C9C99500BB6BD7 = {
			isa = PBXGroup;
			children = (
				0C19FF3721C9C99500BB6BD7 /* swift-tools */,
				0C19FF3621C9C99500BB6BD7 /* Products */,
				9026828E93D0D7005606F062 /* Pods */,
				D4D79086B95256CADD52778D /* Frameworks */,
			);
			sourceTree = "<group>";
		};
		0C19FF3621C9C99500BB6BD7 /* Products */ = {
			isa = PBXGroup;
			children = (
				0C19FF3521C9C99500BB6BD7 /* swift-tools.app */,
			);
			name = Products;
			sourceTree = "<group>";
		};
		0C19FF3721C9C99500BB6BD7 /* swift-tools */ = {
			isa = PBXGroup;
			children = (
				0C19FFE821D21A2500BB6BD7 /* classes */,
				0C19FF4D21C9C9F600BB6BD7 /* kit */,
				0C19FF4C21C9C9BE00BB6BD7 /* resources */,
				0C19FF4B21C9C9AD00BB6BD7 /* start */,
				0C19FF4A21C9C9A300BB6BD7 /* common */,
				0C19FF3A21C9C99500BB6BD7 /* ViewController.swift */,
				0C19FFC421D0C03D00BB6BD7 /* NumberMorphViewController.swift */,
				0C19FFDC21D1C69700BB6BD7 /* ViewAnimatorTableViewController.swift */,
				0C19FFCC21D0CC4600BB6BD7 /* StarWarsViewController.swift */,
				0C19FFE221D1CFC300BB6BD7 /* IBAnimatableViewController.swift */,
				0C19FFCE21D0CEE900BB6BD7 /* MacawViewController.swift */,
				0C19FFD821D1B30200BB6BD7 /* EasyAnimationViewController.swift */,
				0C19FFD421D0D09500BB6BD7 /* MView.swift */,
				0C19FF6621CA1DF700BB6BD7 /* HoMasterViewController.swift */,
				0C84B0DD22670FFB00200A1A /* WebTableViewController.swift */,
				C6E8EBE0237255DA0049A18D /* TopWebViewController.swift */,
				0C19FFC221D0BDAD00BB6BD7 /* HoTableViewCell.swift */,
				0C19FFE621D1DBE300BB6BD7 /* Expanding-collectionViewController.swift */,
				0C19FF6821CA1E0400BB6BD7 /* HoLeftViewController.swift */,
				0C19FF5521C9D8A100BB6BD7 /* NibView.swift */,
				0C19FF5121C9D83700BB6BD7 /* NibView.xib */,
			);
			path = "swift-tools";
			sourceTree = "<group>";
		};
		0C19FF4A21C9C9A300BB6BD7 /* common */ = {
			isa = PBXGroup;
			children = (
				0C19FF4421C9C99600BB6BD7 /* SwiftToolsInfo.plist */,
				0C19FF3C21C9C99500BB6BD7 /* Main.storyboard */,
				0C19FF4121C9C99600BB6BD7 /* LaunchScreen.storyboard */,
			);
			path = common;
			sourceTree = "<group>";
		};
		0C19FF4B21C9C9AD00BB6BD7 /* start */ = {
			isa = PBXGroup;
			children = (
				0C19FF3821C9C99500BB6BD7 /* AppDelegate.swift */,
			);
			path = start;
			sourceTree = "<group>";
		};
		0C19FF4C21C9C9BE00BB6BD7 /* resources */ = {
			isa = PBXGroup;
			children = (
				0C19FF6A21CA2E8000BB6BD7 /* HoSplit */,
				0C19FF3F21C9C99600BB6BD7 /* Assets.xcassets */,
			);
			path = resources;
			sourceTree = "<group>";
		};
		0C19FF4D21C9C9F600BB6BD7 /* kit */ = {
			isa = PBXGroup;
			children = (
				0CC5C8C1226817B900B5FC5B /* HoBaiduIdentificationFlower */,
				0CC5C8C02268179700B5FC5B /* HoWebTableViewController */,
				0C19FFBB21D0AA0A00BB6BD7 /* HoRouter */,
				0C19FF6121CA0F6100BB6BD7 /* HoSplitViewController */,
				0C19FF4E21C9CA3E00BB6BD7 /* HoKit */,
			);
			path = kit;
			sourceTree = "<group>";
		};
		0C19FF4E21C9CA3E00BB6BD7 /* HoKit */ = {
			isa = PBXGroup;
			children = (
				0C19FF4F21C9CC1A00BB6BD7 /* HoUIStoryboardExtensions.swift */,
				0C19FF5721C9DAAD00BB6BD7 /* HoUIColorExtensions.swift */,
				0C19FF5921C9E00700BB6BD7 /* HoUILabelExtensions.swift */,
				0C19FF5B21C9E40300BB6BD7 /* HoUIButtonExtensions.swift */,
				0C19FF5D21C9E6BC00BB6BD7 /* HoCGRectExtensions.swift */,
				0C19FF5F21C9E94C00BB6BD7 /* HoLimitLengthTextField.swift */,
				0C19FF7321CA455000BB6BD7 /* HoNotificationCenter.swift */,
				0C2B66B72272D5C2006FDF11 /* HoDeviceModel.swift */,
				0C2B66B82272D5C3006FDF11 /* HoValidate.swift */,
				0C19FFC021D0BBC600BB6BD7 /* HoUIViewExtensions.swift */,
				0C84B0D9226709F700200A1A /* HoHtmlHelper.swift */,
			);
			path = HoKit;
			sourceTree = "<group>";
		};
		0C19FF6121CA0F6100BB6BD7 /* HoSplitViewController */ = {
			isa = PBXGroup;
			children = (
				0C19FF6421CA100C00BB6BD7 /* HoSplitViewController.swift */,
			);
			path = HoSplitViewController;
			sourceTree = "<group>";
		};
		0C19FF6A21CA2E8000BB6BD7 /* HoSplit */ = {
			isa = PBXGroup;
			children = (
				0C19FF6D21CA2F5500BB6BD7 /* hoLeft.png */,
				0C19FF6C21CA2F5400BB6BD7 /* hoMaster.png */,
				0C19FF6B21CA2F5400BB6BD7 /* hoRight.png */,
				0C19FF6E21CA2F5500BB6BD7 /* hosplit.gif */,
			);
			path = HoSplit;
			sourceTree = "<group>";
		};
		0C19FFBB21D0AA0A00BB6BD7 /* HoRouter */ = {
			isa = PBXGroup;
			children = (
				0C19FFBC21D0AA1D00BB6BD7 /* HoRouter.swift */,
			);
			path = HoRouter;
			sourceTree = "<group>";
		};
		0C19FFE821D21A2500BB6BD7 /* classes */ = {
			isa = PBXGroup;
			children = (
				0C19FFE921D21A2C00BB6BD7 /* RxSwift */,
			);
			path = classes;
			sourceTree = "<group>";
		};
		0C19FFE921D21A2C00BB6BD7 /* RxSwift */ = {
			isa = PBXGroup;
			children = (
				0C19FFEA21D21A4900BB6BD7 /* Music.swift */,
				0C19FFEC21D21ACE00BB6BD7 /* MusicListViewModel.swift */,
				0C19FFF421D21B8A00BB6BD7 /* MusicViewController.swift */,
			);
			path = RxSwift;
			sourceTree = "<group>";
		};
		0CC5C8C02268179700B5FC5B /* HoWebTableViewController */ = {
			isa = PBXGroup;
			children = (
				C6E8EBDE237255720049A18D /* HoScrollWebViewController.swift */,
				0C84B0DB22670CD700200A1A /* HoWebTableViewController.swift */,
			);
			path = HoWebTableViewController;
			sourceTree = "<group>";
		};
		0CC5C8C1226817B900B5FC5B /* HoBaiduIdentificationFlower */ = {
			isa = PBXGroup;
			children = (
				0CC5C8C52268269B00B5FC5B /* HoBaiduIdentificationFlower.h */,
				0CC5C8C62268269B00B5FC5B /* HoBaiduIdentificationFlower.m */,
				0CC5C8C42268269B00B5FC5B /* swift-tools-Bridging-Header.h */,
				0CC5C8C822684D8D00B5FC5B /* HoAliFlowerHelper.h */,
				0CC5C8C922684D8D00B5FC5B /* HoAliFlowerHelper.m */,
				0CC5C8CB22684F7500B5FC5B /* HoFlowerHelper.swift */,
			);
			path = HoBaiduIdentificationFlower;
			sourceTree = "<group>";
		};
		9026828E93D0D7005606F062 /* Pods */ = {
			isa = PBXGroup;
			children = (
				132543C435001F81A5B135E6 /* Pods-swift-tools.debug.xcconfig */,
				6D36DC25C5062731E566AF7F /* Pods-swift-tools.release.xcconfig */,
			);
			path = Pods;
			sourceTree = "<group>";
		};
		D4D79086B95256CADD52778D /* Frameworks */ = {
			isa = PBXGroup;
			children = (
				0C19FFF621D372AF00BB6BD7 /* Differentiator.framework */,
				0C19FFF821D372AF00BB6BD7 /* RxDataSources.framework */,
				0C19FFEE21D21B2400BB6BD7 /* RxAtomic.framework */,
				0C19FFF021D21B2400BB6BD7 /* RxCocoa.framework */,
				0C19FFF221D21B2400BB6BD7 /* RxSwift.framework */,
				0C19FFE421D1DBCD00BB6BD7 /* expanding_collection.framework */,
				0C19FFE021D1CEF200BB6BD7 /* IBAnimatable.framework */,
				0C19FFDA21D1C67600BB6BD7 /* ViewAnimator.framework */,
				0C19FFD621D1B2E200BB6BD7 /* EasyAnimation.framework */,
				0C19FFD021D0CFB800BB6BD7 /* Macaw.framework */,
				0C19FFD221D0CFB800BB6BD7 /* SWXMLHash.framework */,
				0C19FFCA21D0C96E00BB6BD7 /* StarWars.framework */,
				0C19FFC621D0C0E300BB6BD7 /* NumberMorphView.framework */,
				F27BFB4A9D590FAAB234BEFC /* Pods_swift_tools.framework */,
			);
			name = Frameworks;
			sourceTree = "<group>";
		};
/* End PBXGroup section */

/* Begin PBXNativeTarget section */
		0C19FF3421C9C99500BB6BD7 /* swift-tools */ = {
			isa = PBXNativeTarget;
			buildConfigurationList = 0C19FF4721C9C99600BB6BD7 /* Build configuration list for PBXNativeTarget "swift-tools" */;
			buildPhases = (
				54BC032304E86E6B9C684F54 /* [CP] Check Pods Manifest.lock */,
				0C19FF3121C9C99500BB6BD7 /* Sources */,
				0C19FF3221C9C99500BB6BD7 /* Frameworks */,
				0C19FF3321C9C99500BB6BD7 /* Resources */,
				70257593C6D52F8ED17633E7 /* [CP] Embed Pods Frameworks */,
			);
			buildRules = (
			);
			dependencies = (
			);
			name = "swift-tools";
			productName = "swift-tools";
			productReference = 0C19FF3521C9C99500BB6BD7 /* swift-tools.app */;
			productType = "com.apple.product-type.application";
		};
/* End PBXNativeTarget section */

/* Begin PBXProject section */
		0C19FF2D21C9C99500BB6BD7 /* Project object */ = {
			isa = PBXProject;
			attributes = {
				LastSwiftUpdateCheck = 1010;
				LastUpgradeCheck = 1010;
				ORGANIZATIONNAME = Hoa;
				TargetAttributes = {
					0C19FF3421C9C99500BB6BD7 = {
						CreatedOnToolsVersion = 10.1;
						LastSwiftMigration = 1020;
					};
				};
			};
			buildConfigurationList = 0C19FF3021C9C99500BB6BD7 /* Build configuration list for PBXProject "swift-tools" */;
			compatibilityVersion = "Xcode 9.3";
			developmentRegion = en;
			hasScannedForEncodings = 0;
			knownRegions = (
				en,
				Base,
			);
			mainGroup = 0C19FF2C21C9C99500BB6BD7;
			productRefGroup = 0C19FF3621C9C99500BB6BD7 /* Products */;
			projectDirPath = "";
			projectRoot = "";
			targets = (
				0C19FF3421C9C99500BB6BD7 /* swift-tools */,
			);
		};
/* End PBXProject section */

/* Begin PBXResourcesBuildPhase section */
		0C19FF3321C9C99500BB6BD7 /* Resources */ = {
			isa = PBXResourcesBuildPhase;
			buildActionMask = 2147483647;
			files = (
				0C19FF5221C9D83800BB6BD7 /* NibView.xib in Resources */,
				0C19FF4321C9C99600BB6BD7 /* LaunchScreen.storyboard in Resources */,
				0C19FF7221CA2F5500BB6BD7 /* hosplit.gif in Resources */,
				0C19FF7121CA2F5500BB6BD7 /* hoLeft.png in Resources */,
				0C19FF7021CA2F5500BB6BD7 /* hoMaster.png in Resources */,
				0C19FF6F21CA2F5500BB6BD7 /* hoRight.png in Resources */,
				0C19FF4021C9C99600BB6BD7 /* Assets.xcassets in Resources */,
				0C19FF3E21C9C99500BB6BD7 /* Main.storyboard in Resources */,
			);
			runOnlyForDeploymentPostprocessing = 0;
		};
/* End PBXResourcesBuildPhase section */

/* Begin PBXShellScriptBuildPhase section */
		54BC032304E86E6B9C684F54 /* [CP] Check Pods Manifest.lock */ = {
			isa = PBXShellScriptBuildPhase;
			buildActionMask = 2147483647;
			files = (
			);
			inputFileListPaths = (
			);
			inputPaths = (
				"${PODS_PODFILE_DIR_PATH}/Podfile.lock",
				"${PODS_ROOT}/Manifest.lock",
			);
			name = "[CP] Check Pods Manifest.lock";
			outputFileListPaths = (
			);
			outputPaths = (
				"$(DERIVED_FILE_DIR)/Pods-swift-tools-checkManifestLockResult.txt",
			);
			runOnlyForDeploymentPostprocessing = 0;
			shellPath = /bin/sh;
			shellScript = "diff \"${PODS_PODFILE_DIR_PATH}/Podfile.lock\" \"${PODS_ROOT}/Manifest.lock\" > /dev/null\nif [ $? != 0 ] ; then\n    # print error to STDERR\n    echo \"error: The sandbox is not in sync with the Podfile.lock. Run 'pod install' or update your CocoaPods installation.\" >&2\n    exit 1\nfi\n# This output is used by Xcode 'outputs' to avoid re-running this script phase.\necho \"SUCCESS\" > \"${SCRIPT_OUTPUT_FILE_0}\"\n";
			showEnvVarsInLog = 0;
		};
		70257593C6D52F8ED17633E7 /* [CP] Embed Pods Frameworks */ = {
			isa = PBXShellScriptBuildPhase;
			buildActionMask = 2147483647;
			files = (
			);
			inputFileListPaths = (
			);
			inputPaths = (
				"${PODS_ROOT}/Target Support Files/Pods-swift-tools/Pods-swift-tools-frameworks.sh",
				"${BUILT_PRODUCTS_DIR}/Differentiator/Differentiator.framework",
				"${BUILT_PRODUCTS_DIR}/EasyAnimation/EasyAnimation.framework",
				"${BUILT_PRODUCTS_DIR}/IBAnimatable/IBAnimatable.framework",
				"${BUILT_PRODUCTS_DIR}/Macaw/Macaw.framework",
				"${BUILT_PRODUCTS_DIR}/NumberMorphView/NumberMorphView.framework",
				"${BUILT_PRODUCTS_DIR}/RxAtomic/RxAtomic.framework",
				"${BUILT_PRODUCTS_DIR}/RxCocoa/RxCocoa.framework",
				"${BUILT_PRODUCTS_DIR}/RxDataSources/RxDataSources.framework",
				"${BUILT_PRODUCTS_DIR}/RxSwift/RxSwift.framework",
				"${BUILT_PRODUCTS_DIR}/SWXMLHash/SWXMLHash.framework",
				"${BUILT_PRODUCTS_DIR}/StarWars/StarWars.framework",
				"${BUILT_PRODUCTS_DIR}/ViewAnimator/ViewAnimator.framework",
				"${BUILT_PRODUCTS_DIR}/expanding-collection/expanding_collection.framework",
			);
			name = "[CP] Embed Pods Frameworks";
			outputFileListPaths = (
			);
			outputPaths = (
				"${TARGET_BUILD_DIR}/${FRAMEWORKS_FOLDER_PATH}/Differentiator.framework",
				"${TARGET_BUILD_DIR}/${FRAMEWORKS_FOLDER_PATH}/EasyAnimation.framework",
				"${TARGET_BUILD_DIR}/${FRAMEWORKS_FOLDER_PATH}/IBAnimatable.framework",
				"${TARGET_BUILD_DIR}/${FRAMEWORKS_FOLDER_PATH}/Macaw.framework",
				"${TARGET_BUILD_DIR}/${FRAMEWORKS_FOLDER_PATH}/NumberMorphView.framework",
				"${TARGET_BUILD_DIR}/${FRAMEWORKS_FOLDER_PATH}/RxAtomic.framework",
				"${TARGET_BUILD_DIR}/${FRAMEWORKS_FOLDER_PATH}/RxCocoa.framework",
				"${TARGET_BUILD_DIR}/${FRAMEWORKS_FOLDER_PATH}/RxDataSources.framework",
				"${TARGET_BUILD_DIR}/${FRAMEWORKS_FOLDER_PATH}/RxSwift.framework",
				"${TARGET_BUILD_DIR}/${FRAMEWORKS_FOLDER_PATH}/SWXMLHash.framework",
				"${TARGET_BUILD_DIR}/${FRAMEWORKS_FOLDER_PATH}/StarWars.framework",
				"${TARGET_BUILD_DIR}/${FRAMEWORKS_FOLDER_PATH}/ViewAnimator.framework",
				"${TARGET_BUILD_DIR}/${FRAMEWORKS_FOLDER_PATH}/expanding_collection.framework",
			);
			runOnlyForDeploymentPostprocessing = 0;
			shellPath = /bin/sh;
			shellScript = "\"${PODS_ROOT}/Target Support Files/Pods-swift-tools/Pods-swift-tools-frameworks.sh\"\n";
			showEnvVarsInLog = 0;
		};
/* End PBXShellScriptBuildPhase section */

/* Begin PBXSourcesBuildPhase section */
		0C19FF3121C9C99500BB6BD7 /* Sources */ = {
			isa = PBXSourcesBuildPhase;
			buildActionMask = 2147483647;
			files = (
				0C19FFE321D1CFC300BB6BD7 /* IBAnimatableViewController.swift in Sources */,
				0CC5C8C72268269B00B5FC5B /* HoBaiduIdentificationFlower.m in Sources */,
				0C19FF7421CA455000BB6BD7 /* HoNotificationCenter.swift in Sources */,
				0C19FFDD21D1C69700BB6BD7 /* ViewAnimatorTableViewController.swift in Sources */,
				0C19FF6521CA100C00BB6BD7 /* HoSplitViewController.swift in Sources */,
				C6E8EBDF237255730049A18D /* HoScrollWebViewController.swift in Sources */,
				0C19FFED21D21ACE00BB6BD7 /* MusicListViewModel.swift in Sources */,
				0C19FFC121D0BBC600BB6BD7 /* HoUIViewExtensions.swift in Sources */,
				0C19FFF521D21B8A00BB6BD7 /* MusicViewController.swift in Sources */,
				0C19FF5A21C9E00700BB6BD7 /* HoUILabelExtensions.swift in Sources */,
				0C19FF5E21C9E6BC00BB6BD7 /* HoCGRectExtensions.swift in Sources */,
				0CC5C8CA22684D8D00B5FC5B /* HoAliFlowerHelper.m in Sources */,
				0C84B0DA226709F700200A1A /* HoHtmlHelper.swift in Sources */,
				0C19FF5021C9CC1A00BB6BD7 /* HoUIStoryboardExtensions.swift in Sources */,
				0C19FF6721CA1DF700BB6BD7 /* HoMasterViewController.swift in Sources */,
				0C84B0DE22670FFB00200A1A /* WebTableViewController.swift in Sources */,
				0C19FFE721D1DBE400BB6BD7 /* Expanding-collectionViewController.swift in Sources */,
				0C19FFBD21D0AA1D00BB6BD7 /* HoRouter.swift in Sources */,
				C6E8EBE1237255DA0049A18D /* TopWebViewController.swift in Sources */,
				0C19FF5821C9DAAD00BB6BD7 /* HoUIColorExtensions.swift in Sources */,
				0C19FFCD21D0CC4600BB6BD7 /* StarWarsViewController.swift in Sources */,
				0C19FF3B21C9C99500BB6BD7 /* ViewController.swift in Sources */,
				0C2B66B92272D5C3006FDF11 /* HoDeviceModel.swift in Sources */,
				0C19FFCF21D0CEE900BB6BD7 /* MacawViewController.swift in Sources */,
				0C19FFD921D1B30200BB6BD7 /* EasyAnimationViewController.swift in Sources */,
				0C19FFC321D0BDAD00BB6BD7 /* HoTableViewCell.swift in Sources */,
				0CC5C8CC22684F7500B5FC5B /* HoFlowerHelper.swift in Sources */,
				0C19FFEB21D21A4900BB6BD7 /* Music.swift in Sources */,
				0C2B66BA2272D5C3006FDF11 /* HoValidate.swift in Sources */,
				0C19FF6021C9E94C00BB6BD7 /* HoLimitLengthTextField.swift in Sources */,
				0C19FF6921CA1E0400BB6BD7 /* HoLeftViewController.swift in Sources */,
				0C19FF3921C9C99500BB6BD7 /* AppDelegate.swift in Sources */,
				0C84B0DC22670CD700200A1A /* HoWebTableViewController.swift in Sources */,
				0C19FF5C21C9E40300BB6BD7 /* HoUIButtonExtensions.swift in Sources */,
				0C19FFC521D0C03D00BB6BD7 /* NumberMorphViewController.swift in Sources */,
				0C19FFD521D0D09500BB6BD7 /* MView.swift in Sources */,
				0C19FF5621C9D8A100BB6BD7 /* NibView.swift in Sources */,
			);
			runOnlyForDeploymentPostprocessing = 0;
		};
/* End PBXSourcesBuildPhase section */

/* Begin PBXVariantGroup section */
		0C19FF3C21C9C99500BB6BD7 /* Main.storyboard */ = {
			isa = PBXVariantGroup;
			children = (
				0C19FF3D21C9C99500BB6BD7 /* Base */,
			);
			name = Main.storyboard;
			sourceTree = "<group>";
		};
		0C19FF4121C9C99600BB6BD7 /* LaunchScreen.storyboard */ = {
			isa = PBXVariantGroup;
			children = (
				0C19FF4221C9C99600BB6BD7 /* Base */,
			);
			name = LaunchScreen.storyboard;
			sourceTree = "<group>";
		};
/* End PBXVariantGroup section */

/* Begin XCBuildConfiguration section */
		0C19FF4521C9C99600BB6BD7 /* Debug */ = {
			isa = XCBuildConfiguration;
			buildSettings = {
				ALWAYS_SEARCH_USER_PATHS = NO;
				CLANG_ANALYZER_NONNULL = YES;
				CLANG_ANALYZER_NUMBER_OBJECT_CONVERSION = YES_AGGRESSIVE;
				CLANG_CXX_LANGUAGE_STANDARD = "gnu++14";
				CLANG_CXX_LIBRARY = "libc++";
				CLANG_ENABLE_MODULES = YES;
				CLANG_ENABLE_OBJC_ARC = YES;
				CLANG_ENABLE_OBJC_WEAK = YES;
				CLANG_WARN_BLOCK_CAPTURE_AUTORELEASING = YES;
				CLANG_WARN_BOOL_CONVERSION = YES;
				CLANG_WARN_COMMA = YES;
				CLANG_WARN_CONSTANT_CONVERSION = YES;
				CLANG_WARN_DEPRECATED_OBJC_IMPLEMENTATIONS = YES;
				CLANG_WARN_DIRECT_OBJC_ISA_USAGE = YES_ERROR;
				CLANG_WARN_DOCUMENTATION_COMMENTS = YES;
				CLANG_WARN_EMPTY_BODY = YES;
				CLANG_WARN_ENUM_CONVERSION = YES;
				CLANG_WARN_INFINITE_RECURSION = YES;
				CLANG_WARN_INT_CONVERSION = YES;
				CLANG_WARN_NON_LITERAL_NULL_CONVERSION = YES;
				CLANG_WARN_OBJC_IMPLICIT_RETAIN_SELF = YES;
				CLANG_WARN_OBJC_LITERAL_CONVERSION = YES;
				CLANG_WARN_OBJC_ROOT_CLASS = YES_ERROR;
				CLANG_WARN_RANGE_LOOP_ANALYSIS = YES;
				CLANG_WARN_STRICT_PROTOTYPES = YES;
				CLANG_WARN_SUSPICIOUS_MOVE = YES;
				CLANG_WARN_UNGUARDED_AVAILABILITY = YES_AGGRESSIVE;
				CLANG_WARN_UNREACHABLE_CODE = YES;
				CLANG_WARN__DUPLICATE_METHOD_MATCH = YES;
				CODE_SIGN_IDENTITY = "iPhone Developer";
				COPY_PHASE_STRIP = NO;
				DEBUG_INFORMATION_FORMAT = dwarf;
				ENABLE_STRICT_OBJC_MSGSEND = YES;
				ENABLE_TESTABILITY = YES;
				GCC_C_LANGUAGE_STANDARD = gnu11;
				GCC_DYNAMIC_NO_PIC = NO;
				GCC_NO_COMMON_BLOCKS = YES;
				GCC_OPTIMIZATION_LEVEL = 0;
				GCC_PREPROCESSOR_DEFINITIONS = (
					"DEBUG=1",
					"$(inherited)",
				);
				GCC_WARN_64_TO_32_BIT_CONVERSION = YES;
				GCC_WARN_ABOUT_RETURN_TYPE = YES_ERROR;
				GCC_WARN_UNDECLARED_SELECTOR = YES;
				GCC_WARN_UNINITIALIZED_AUTOS = YES_AGGRESSIVE;
				GCC_WARN_UNUSED_FUNCTION = YES;
				GCC_WARN_UNUSED_VARIABLE = YES;
				IPHONEOS_DEPLOYMENT_TARGET = 12.1;
				MTL_ENABLE_DEBUG_INFO = INCLUDE_SOURCE;
				MTL_FAST_MATH = YES;
				ONLY_ACTIVE_ARCH = YES;
				SDKROOT = iphoneos;
				SWIFT_ACTIVE_COMPILATION_CONDITIONS = DEBUG;
				SWIFT_OPTIMIZATION_LEVEL = "-Onone";
			};
			name = Debug;
		};
		0C19FF4621C9C99600BB6BD7 /* Release */ = {
			isa = XCBuildConfiguration;
			buildSettings = {
				ALWAYS_SEARCH_USER_PATHS = NO;
				CLANG_ANALYZER_NONNULL = YES;
				CLANG_ANALYZER_NUMBER_OBJECT_CONVERSION = YES_AGGRESSIVE;
				CLANG_CXX_LANGUAGE_STANDARD = "gnu++14";
				CLANG_CXX_LIBRARY = "libc++";
				CLANG_ENABLE_MODULES = YES;
				CLANG_ENABLE_OBJC_ARC = YES;
				CLANG_ENABLE_OBJC_WEAK = YES;
				CLANG_WARN_BLOCK_CAPTURE_AUTORELEASING = YES;
				CLANG_WARN_BOOL_CONVERSION = YES;
				CLANG_WARN_COMMA = YES;
				CLANG_WARN_CONSTANT_CONVERSION = YES;
				CLANG_WARN_DEPRECATED_OBJC_IMPLEMENTATIONS = YES;
				CLANG_WARN_DIRECT_OBJC_ISA_USAGE = YES_ERROR;
				CLANG_WARN_DOCUMENTATION_COMMENTS = YES;
				CLANG_WARN_EMPTY_BODY = YES;
				CLANG_WARN_ENUM_CONVERSION = YES;
				CLANG_WARN_INFINITE_RECURSION = YES;
				CLANG_WARN_INT_CONVERSION = YES;
				CLANG_WARN_NON_LITERAL_NULL_CONVERSION = YES;
				CLANG_WARN_OBJC_IMPLICIT_RETAIN_SELF = YES;
				CLANG_WARN_OBJC_LITERAL_CONVERSION = YES;
				CLANG_WARN_OBJC_ROOT_CLASS = YES_ERROR;
				CLANG_WARN_RANGE_LOOP_ANALYSIS = YES;
				CLANG_WARN_STRICT_PROTOTYPES = YES;
				CLANG_WARN_SUSPICIOUS_MOVE = YES;
				CLANG_WARN_UNGUARDED_AVAILABILITY = YES_AGGRESSIVE;
				CLANG_WARN_UNREACHABLE_CODE = YES;
				CLANG_WARN__DUPLICATE_METHOD_MATCH = YES;
				CODE_SIGN_IDENTITY = "iPhone Developer";
				COPY_PHASE_STRIP = NO;
				DEBUG_INFORMATION_FORMAT = "dwarf-with-dsym";
				ENABLE_NS_ASSERTIONS = NO;
				ENABLE_STRICT_OBJC_MSGSEND = YES;
				GCC_C_LANGUAGE_STANDARD = gnu11;
				GCC_NO_COMMON_BLOCKS = YES;
				GCC_WARN_64_TO_32_BIT_CONVERSION = YES;
				GCC_WARN_ABOUT_RETURN_TYPE = YES_ERROR;
				GCC_WARN_UNDECLARED_SELECTOR = YES;
				GCC_WARN_UNINITIALIZED_AUTOS = YES_AGGRESSIVE;
				GCC_WARN_UNUSED_FUNCTION = YES;
				GCC_WARN_UNUSED_VARIABLE = YES;
				IPHONEOS_DEPLOYMENT_TARGET = 12.1;
				MTL_ENABLE_DEBUG_INFO = NO;
				MTL_FAST_MATH = YES;
				SDKROOT = iphoneos;
				SWIFT_COMPILATION_MODE = wholemodule;
				SWIFT_OPTIMIZATION_LEVEL = "-O";
				VALIDATE_PRODUCT = YES;
			};
			name = Release;
		};
		0C19FF4821C9C99600BB6BD7 /* Debug */ = {
			isa = XCBuildConfiguration;
			baseConfigurationReference = 132543C435001F81A5B135E6 /* Pods-swift-tools.debug.xcconfig */;
			buildSettings = {
				ASSETCATALOG_COMPILER_APPICON_NAME = AppIcon;
				CLANG_ENABLE_MODULES = YES;
				CODE_SIGN_STYLE = Automatic;
				DEVELOPMENT_TEAM = FVSJ7Y58GD;
				INFOPLIST_FILE = "$(SRCROOT)/swift-tools/common/SwiftToolsInfo.plist";
				IPHONEOS_DEPLOYMENT_TARGET = 9.0;
				LD_RUNPATH_SEARCH_PATHS = (
					"$(inherited)",
					"@executable_path/Frameworks",
				);
				PRODUCT_BUNDLE_IDENTIFIER = "com.hoa.swift-tools";
				PRODUCT_NAME = "$(TARGET_NAME)";
				SWIFT_OBJC_BRIDGING_HEADER = "swift-tools/kit/HoBaiduIdentificationFlower/swift-tools-Bridging-Header.h";
				SWIFT_OPTIMIZATION_LEVEL = "-Onone";
				SWIFT_VERSION = 4.2;
				TARGETED_DEVICE_FAMILY = "1,2";
			};
			name = Debug;
		};
		0C19FF4921C9C99600BB6BD7 /* Release */ = {
			isa = XCBuildConfiguration;
			baseConfigurationReference = 6D36DC25C5062731E566AF7F /* Pods-swift-tools.release.xcconfig */;
			buildSettings = {
				ASSETCATALOG_COMPILER_APPICON_NAME = AppIcon;
				CLANG_ENABLE_MODULES = YES;
				CODE_SIGN_STYLE = Automatic;
				DEVELOPMENT_TEAM = FVSJ7Y58GD;
				INFOPLIST_FILE = "$(SRCROOT)/swift-tools/common/SwiftToolsInfo.plist";
				IPHONEOS_DEPLOYMENT_TARGET = 9.0;
				LD_RUNPATH_SEARCH_PATHS = (
					"$(inherited)",
					"@executable_path/Frameworks",
				);
				PRODUCT_BUNDLE_IDENTIFIER = "com.hoa.swift-tools";
				PRODUCT_NAME = "$(TARGET_NAME)";
				SWIFT_OBJC_BRIDGING_HEADER = "swift-tools/kit/HoBaiduIdentificationFlower/swift-tools-Bridging-Header.h";
				SWIFT_VERSION = 4.2;
				TARGETED_DEVICE_FAMILY = "1,2";
			};
			name = Release;
		};
/* End XCBuildConfiguration section */

/* Begin XCConfigurationList section */
		0C19FF3021C9C99500BB6BD7 /* Build configuration list for PBXProject "swift-tools" */ = {
			isa = XCConfigurationList;
			buildConfigurations = (
				0C19FF4521C9C99600BB6BD7 /* Debug */,
				0C19FF4621C9C99600BB6BD7 /* Release */,
			);
			defaultConfigurationIsVisible = 0;
			defaultConfigurationName = Release;
		};
		0C19FF4721C9C99600BB6BD7 /* Build configuration list for PBXNativeTarget "swift-tools" */ = {
			isa = XCConfigurationList;
			buildConfigurations = (
				0C19FF4821C9C99600BB6BD7 /* Debug */,
				0C19FF4921C9C99600BB6BD7 /* Release */,
			);
			defaultConfigurationIsVisible = 0;
			defaultConfigurationName = Release;
		};
/* End XCConfigurationList section */
	};
	rootObject = 0C19FF2D21C9C99500BB6BD7 /* Project object */;
}
